
Microsoft Visual Studio Solution File, Format Version 12.00
# Visual Studio Version 17
VisualStudioVersion = 17.3.32825.248
MinimumVisualStudioVersion = 10.0.40219.1
Project("{9A19103F-16F7-4668-BE54-9A1E7A4F7556}") = "API_Gateway", "API_Gateway\API_Gateway.csproj", "{64DA735E-B19C-496F-9106-44D62BB0B5AC}"
EndProject
Project("{9A19103F-16F7-4668-BE54-9A1E7A4F7556}") = "Business", "Business\Business.csproj", "{77E7E46D-FE8E-4873-A364-94BCA557B532}"
EndProject
Project("{2150E333-8FDC-42A3-9474-1A3956D46DE8}") = "Services.SYNC", "Services.SYNC", "{8DA9BA84-DD1A-496A-B98D-5E7005BF33AE}"
EndProject
Project("{9A19103F-16F7-4668-BE54-9A1E7A4F7556}") = "Store.Test", "Store.Test\Store.Test.csproj", "{37BE209E-5301-4AC6-935C-BAF910A2E2A3}"
EndProject
Project("{2150E333-8FDC-42A3-9474-1A3956D46DE8}") = "Services.ASYNC", "Services.ASYNC", "{E7E6D84B-B148-4633-8386-62F3D9282E2B}"
EndProject
Project("{2150E333-8FDC-42A3-9474-1A3956D46DE8}") = "Inventory", "Inventory", "{894340CF-6A17-4C3F-B3DF-ED0E5BB113C7}"
EndProject
Project("{2150E333-8FDC-42A3-9474-1A3956D46DE8}") = "AMQP", "AMQP", "{661FE42F-2A54-41E4-B0CA-3FF21BDBF90F}"
EndProject
Project("{2150E333-8FDC-42A3-9474-1A3956D46DE8}") = "Client", "Client", "{C6D0BB7B-5F47-4263-A20C-C1E573760646}"
EndProject
Project("{2150E333-8FDC-42A3-9474-1A3956D46DE8}") = "Server", "Server", "{8520C337-57AC-464F-AC08-87D7DB1711A9}"
EndProject
Project("{2150E333-8FDC-42A3-9474-1A3956D46DE8}") = "Solution Items", "Solution Items", "{B49E7121-B9E9-4822-BB1A-F93BBD8E51A3}"
	ProjectSection(SolutionItems) = preProject
		Progress.txt = Progress.txt
	EndProjectSection
EndProject
Project("{9A19103F-16F7-4668-BE54-9A1E7A4F7556}") = "Management", "Management\Management.csproj", "{ABB9E60B-272B-438D-AD06-4BF1EC486F51}"
EndProject
Project("{9A19103F-16F7-4668-BE54-9A1E7A4F7556}") = "Metrics", "Metrics\Metrics.csproj", "{AAD7E012-E8CE-4CD0-9FEE-60483E902D1F}"
EndProject
Project("{9A19103F-16F7-4668-BE54-9A1E7A4F7556}") = "Inventory.Publisher", "Services.ASYNC\Inventory\AMQP\Client\Inventory.Publisher\Inventory.Publisher.csproj", "{21AA014A-E2B6-4734-9A82-CD047A07A95C}"
EndProject
Project("{9A19103F-16F7-4668-BE54-9A1E7A4F7556}") = "Inventory.Consumer", "Services.ASYNC\Inventory\AMQP\Server\Inventory.Consumer\Inventory.Consumer.csproj", "{D958DD02-ACA9-4560-8439-F00CBCF380BE}"
EndProject
Project("{9A19103F-16F7-4668-BE54-9A1E7A4F7556}") = "Identity", "Services.SYNC\Identity\Identity.csproj", "{735D24E2-BEB2-402C-90C9-1E58DA164530}"
EndProject
Project("{9A19103F-16F7-4668-BE54-9A1E7A4F7556}") = "Inventory", "Services.SYNC\Inventory\Inventory.csproj", "{E2D5B5C3-3FA2-4F99-B995-47AB4571AAD7}"
EndProject
Project("{9A19103F-16F7-4668-BE54-9A1E7A4F7556}") = "Ordering", "Services.SYNC\Ordering\Ordering.csproj", "{9917CB81-14BD-4190-9AD2-1DCCBB36EE24}"
EndProject
Project("{9A19103F-16F7-4668-BE54-9A1E7A4F7556}") = "Payment", "Services.SYNC\Payment\Payment.csproj", "{4C5DF2A2-9BCF-4433-BD24-97E01C7B39E7}"
EndProject
Project("{9A19103F-16F7-4668-BE54-9A1E7A4F7556}") = "Scheduler", "Services.SYNC\Scheduler\Scheduler.csproj", "{18782232-0AA9-41D0-B7EC-693D95ED779A}"
EndProject
Project("{9A19103F-16F7-4668-BE54-9A1E7A4F7556}") = "StaticContent", "Services.SYNC\StaticContent\StaticContent.csproj", "{BA6FDB32-9E2B-47BA-8579-FF934A775B7A}"
EndProject
Global
	GlobalSection(SolutionConfigurationPlatforms) = preSolution
		Debug|Any CPU = Debug|Any CPU
		Release|Any CPU = Release|Any CPU
	EndGlobalSection
	GlobalSection(ProjectConfigurationPlatforms) = postSolution
		{64DA735E-B19C-496F-9106-44D62BB0B5AC}.Debug|Any CPU.ActiveCfg = Debug|Any CPU
		{64DA735E-B19C-496F-9106-44D62BB0B5AC}.Debug|Any CPU.Build.0 = Debug|Any CPU
		{64DA735E-B19C-496F-9106-44D62BB0B5AC}.Release|Any CPU.ActiveCfg = Release|Any CPU
		{64DA735E-B19C-496F-9106-44D62BB0B5AC}.Release|Any CPU.Build.0 = Release|Any CPU
		{77E7E46D-FE8E-4873-A364-94BCA557B532}.Debug|Any CPU.ActiveCfg = Debug|Any CPU
		{77E7E46D-FE8E-4873-A364-94BCA557B532}.Debug|Any CPU.Build.0 = Debug|Any CPU
		{77E7E46D-FE8E-4873-A364-94BCA557B532}.Release|Any CPU.ActiveCfg = Release|Any CPU
		{77E7E46D-FE8E-4873-A364-94BCA557B532}.Release|Any CPU.Build.0 = Release|Any CPU
		{37BE209E-5301-4AC6-935C-BAF910A2E2A3}.Debug|Any CPU.ActiveCfg = Debug|Any CPU
		{37BE209E-5301-4AC6-935C-BAF910A2E2A3}.Debug|Any CPU.Build.0 = Debug|Any CPU
		{37BE209E-5301-4AC6-935C-BAF910A2E2A3}.Release|Any CPU.ActiveCfg = Release|Any CPU
		{37BE209E-5301-4AC6-935C-BAF910A2E2A3}.Release|Any CPU.Build.0 = Release|Any CPU
		{ABB9E60B-272B-438D-AD06-4BF1EC486F51}.Debug|Any CPU.ActiveCfg = Debug|Any CPU
		{ABB9E60B-272B-438D-AD06-4BF1EC486F51}.Debug|Any CPU.Build.0 = Debug|Any CPU
		{ABB9E60B-272B-438D-AD06-4BF1EC486F51}.Release|Any CPU.ActiveCfg = Release|Any CPU
		{ABB9E60B-272B-438D-AD06-4BF1EC486F51}.Release|Any CPU.Build.0 = Release|Any CPU
		{AAD7E012-E8CE-4CD0-9FEE-60483E902D1F}.Debug|Any CPU.ActiveCfg = Debug|Any CPU
		{AAD7E012-E8CE-4CD0-9FEE-60483E902D1F}.Debug|Any CPU.Build.0 = Debug|Any CPU
		{AAD7E012-E8CE-4CD0-9FEE-60483E902D1F}.Release|Any CPU.ActiveCfg = Release|Any CPU
		{AAD7E012-E8CE-4CD0-9FEE-60483E902D1F}.Release|Any CPU.Build.0 = Release|Any CPU
		{21AA014A-E2B6-4734-9A82-CD047A07A95C}.Debug|Any CPU.ActiveCfg = Debug|Any CPU
		{21AA014A-E2B6-4734-9A82-CD047A07A95C}.Debug|Any CPU.Build.0 = Debug|Any CPU
		{21AA014A-E2B6-4734-9A82-CD047A07A95C}.Release|Any CPU.ActiveCfg = Release|Any CPU
		{21AA014A-E2B6-4734-9A82-CD047A07A95C}.Release|Any CPU.Build.0 = Release|Any CPU
		{D958DD02-ACA9-4560-8439-F00CBCF380BE}.Debug|Any CPU.ActiveCfg = Debug|Any CPU
		{D958DD02-ACA9-4560-8439-F00CBCF380BE}.Debug|Any CPU.Build.0 = Debug|Any CPU
		{D958DD02-ACA9-4560-8439-F00CBCF380BE}.Release|Any CPU.ActiveCfg = Release|Any CPU
		{D958DD02-ACA9-4560-8439-F00CBCF380BE}.Release|Any CPU.Build.0 = Release|Any CPU
		{735D24E2-BEB2-402C-90C9-1E58DA164530}.Debug|Any CPU.ActiveCfg = Debug|Any CPU
		{735D24E2-BEB2-402C-90C9-1E58DA164530}.Debug|Any CPU.Build.0 = Debug|Any CPU
		{735D24E2-BEB2-402C-90C9-1E58DA164530}.Release|Any CPU.ActiveCfg = Release|Any CPU
		{735D24E2-BEB2-402C-90C9-1E58DA164530}.Release|Any CPU.Build.0 = Release|Any CPU
		{E2D5B5C3-3FA2-4F99-B995-47AB4571AAD7}.Debug|Any CPU.ActiveCfg = Debug|Any CPU
		{E2D5B5C3-3FA2-4F99-B995-47AB4571AAD7}.Debug|Any CPU.Build.0 = Debug|Any CPU
		{E2D5B5C3-3FA2-4F99-B995-47AB4571AAD7}.Release|Any CPU.ActiveCfg = Release|Any CPU
		{E2D5B5C3-3FA2-4F99-B995-47AB4571AAD7}.Release|Any CPU.Build.0 = Release|Any CPU
		{9917CB81-14BD-4190-9AD2-1DCCBB36EE24}.Debug|Any CPU.ActiveCfg = Debug|Any CPU
		{9917CB81-14BD-4190-9AD2-1DCCBB36EE24}.Debug|Any CPU.Build.0 = Debug|Any CPU
		{9917CB81-14BD-4190-9AD2-1DCCBB36EE24}.Release|Any CPU.ActiveCfg = Release|Any CPU
		{9917CB81-14BD-4190-9AD2-1DCCBB36EE24}.Release|Any CPU.Build.0 = Release|Any CPU
		{4C5DF2A2-9BCF-4433-BD24-97E01C7B39E7}.Debug|Any CPU.ActiveCfg = Debug|Any CPU
		{4C5DF2A2-9BCF-4433-BD24-97E01C7B39E7}.Debug|Any CPU.Build.0 = Debug|Any CPU
		{4C5DF2A2-9BCF-4433-BD24-97E01C7B39E7}.Release|Any CPU.ActiveCfg = Release|Any CPU
		{4C5DF2A2-9BCF-4433-BD24-97E01C7B39E7}.Release|Any CPU.Build.0 = Release|Any CPU
		{18782232-0AA9-41D0-B7EC-693D95ED779A}.Debug|Any CPU.ActiveCfg = Debug|Any CPU
		{18782232-0AA9-41D0-B7EC-693D95ED779A}.Debug|Any CPU.Build.0 = Debug|Any CPU
		{18782232-0AA9-41D0-B7EC-693D95ED779A}.Release|Any CPU.ActiveCfg = Release|Any CPU
		{18782232-0AA9-41D0-B7EC-693D95ED779A}.Release|Any CPU.Build.0 = Release|Any CPU
		{BA6FDB32-9E2B-47BA-8579-FF934A775B7A}.Debug|Any CPU.ActiveCfg = Debug|Any CPU
		{BA6FDB32-9E2B-47BA-8579-FF934A775B7A}.Debug|Any CPU.Build.0 = Debug|Any CPU
		{BA6FDB32-9E2B-47BA-8579-FF934A775B7A}.Release|Any CPU.ActiveCfg = Release|Any CPU
		{BA6FDB32-9E2B-47BA-8579-FF934A775B7A}.Release|Any CPU.Build.0 = Release|Any CPU
	EndGlobalSection
	GlobalSection(SolutionProperties) = preSolution
		HideSolutionNode = FALSE
	EndGlobalSection
	GlobalSection(NestedProjects) = preSolution
		{894340CF-6A17-4C3F-B3DF-ED0E5BB113C7} = {E7E6D84B-B148-4633-8386-62F3D9282E2B}
		{661FE42F-2A54-41E4-B0CA-3FF21BDBF90F} = {894340CF-6A17-4C3F-B3DF-ED0E5BB113C7}
		{C6D0BB7B-5F47-4263-A20C-C1E573760646} = {661FE42F-2A54-41E4-B0CA-3FF21BDBF90F}
		{8520C337-57AC-464F-AC08-87D7DB1711A9} = {661FE42F-2A54-41E4-B0CA-3FF21BDBF90F}
		{21AA014A-E2B6-4734-9A82-CD047A07A95C} = {C6D0BB7B-5F47-4263-A20C-C1E573760646}
		{D958DD02-ACA9-4560-8439-F00CBCF380BE} = {8520C337-57AC-464F-AC08-87D7DB1711A9}
		{735D24E2-BEB2-402C-90C9-1E58DA164530} = {8DA9BA84-DD1A-496A-B98D-5E7005BF33AE}
		{E2D5B5C3-3FA2-4F99-B995-47AB4571AAD7} = {8DA9BA84-DD1A-496A-B98D-5E7005BF33AE}
		{9917CB81-14BD-4190-9AD2-1DCCBB36EE24} = {8DA9BA84-DD1A-496A-B98D-5E7005BF33AE}
		{4C5DF2A2-9BCF-4433-BD24-97E01C7B39E7} = {8DA9BA84-DD1A-496A-B98D-5E7005BF33AE}
		{18782232-0AA9-41D0-B7EC-693D95ED779A} = {8DA9BA84-DD1A-496A-B98D-5E7005BF33AE}
		{BA6FDB32-9E2B-47BA-8579-FF934A775B7A} = {8DA9BA84-DD1A-496A-B98D-5E7005BF33AE}
	EndGlobalSection
	GlobalSection(ExtensibilityGlobals) = postSolution
		SolutionGuid = {CE932665-75C9-4E8E-8311-E6CE61F3E0D5}
	EndGlobalSection
EndGlobal
