
Microsoft Visual Studio Solution File, Format Version 12.00
# Visual Studio Version 17
VisualStudioVersion = 17.3.32825.248
MinimumVisualStudioVersion = 10.0.40219.1
Project("{9A19103F-16F7-4668-BE54-9A1E7A4F7556}") = "API_Gateway", "API_Gateway\API_Gateway.csproj", "{64DA735E-B19C-496F-9106-44D62BB0B5AC}"
EndProject
Project("{9A19103F-16F7-4668-BE54-9A1E7A4F7556}") = "Business", "Business\Business.csproj", "{77E7E46D-FE8E-4873-A364-94BCA557B532}"
EndProject
Project("{2150E333-8FDC-42A3-9474-1A3956D46DE8}") = "Services.SYNC", "Services.SYNC", "{8DA9BA84-DD1A-496A-B98D-5E7005BF33AE}"
EndProject
Project("{9A19103F-16F7-4668-BE54-9A1E7A4F7556}") = "Identity", "Services\Identity\Identity.csproj", "{520FEAAC-1D8D-4AF0-8945-D6B6F9688E78}"
EndProject
Project("{9A19103F-16F7-4668-BE54-9A1E7A4F7556}") = "Inventory", "Services\Inventory\Inventory.csproj", "{C7239357-9454-44DE-B54F-079FEDDA3346}"
EndProject
Project("{9A19103F-16F7-4668-BE54-9A1E7A4F7556}") = "Ordering", "Services\Ordering\Ordering.csproj", "{0B98E01F-2879-4827-9F4F-0920B92C4F28}"
EndProject
Project("{9A19103F-16F7-4668-BE54-9A1E7A4F7556}") = "Payment", "Services\Payment\Payment.csproj", "{ED2AC70D-07DF-4D81-A3B2-0CFFD48D1603}"
EndProject
Project("{9A19103F-16F7-4668-BE54-9A1E7A4F7556}") = "Scheduler", "Services\Scheduler\Scheduler.csproj", "{C1882F51-85A5-47CC-9208-EC3E0EFCE8FD}"
EndProject
Project("{9A19103F-16F7-4668-BE54-9A1E7A4F7556}") = "StaticContent", "Services\StaticContent\StaticContent.csproj", "{FD08C523-7760-41F6-BB47-9746428442B2}"
EndProject
Project("{9A19103F-16F7-4668-BE54-9A1E7A4F7556}") = "Store.Test", "Store.Test\Store.Test.csproj", "{37BE209E-5301-4AC6-935C-BAF910A2E2A3}"
EndProject
Project("{2150E333-8FDC-42A3-9474-1A3956D46DE8}") = "Services.ASYNC", "Services.ASYNC", "{E7E6D84B-B148-4633-8386-62F3D9282E2B}"
EndProject
Project("{2150E333-8FDC-42A3-9474-1A3956D46DE8}") = "Inventory", "Inventory", "{894340CF-6A17-4C3F-B3DF-ED0E5BB113C7}"
EndProject
Project("{2150E333-8FDC-42A3-9474-1A3956D46DE8}") = "AMQP", "AMQP", "{661FE42F-2A54-41E4-B0CA-3FF21BDBF90F}"
EndProject
Project("{2150E333-8FDC-42A3-9474-1A3956D46DE8}") = "Client", "Client", "{C6D0BB7B-5F47-4263-A20C-C1E573760646}"
EndProject
Project("{2150E333-8FDC-42A3-9474-1A3956D46DE8}") = "Server", "Server", "{8520C337-57AC-464F-AC08-87D7DB1711A9}"
EndProject
Project("{9A19103F-16F7-4668-BE54-9A1E7A4F7556}") = "Inventory.Publisher", "Inventory.Publisher\Inventory.Publisher.csproj", "{C62D5EE4-FA7A-4C25-83C2-1B34F9833D22}"
EndProject
Project("{9A19103F-16F7-4668-BE54-9A1E7A4F7556}") = "Inventory.Consumer", "Inventory.Consumer\Inventory.Consumer.csproj", "{66884615-2ABF-4D6B-ACAE-318B66A92742}"
EndProject
Project("{2150E333-8FDC-42A3-9474-1A3956D46DE8}") = "Solution Items", "Solution Items", "{B49E7121-B9E9-4822-BB1A-F93BBD8E51A3}"
	ProjectSection(SolutionItems) = preProject
		Progress.txt = Progress.txt
	EndProjectSection
EndProject
Project("{FAE04EC0-301F-11D3-BF4B-00C04F79EFBC}") = "Management", "Management\Management.csproj", "{ABB9E60B-272B-438D-AD06-4BF1EC486F51}"
EndProject
Global
	GlobalSection(SolutionConfigurationPlatforms) = preSolution
		Debug|Any CPU = Debug|Any CPU
		Release|Any CPU = Release|Any CPU
	EndGlobalSection
	GlobalSection(ProjectConfigurationPlatforms) = postSolution
		{64DA735E-B19C-496F-9106-44D62BB0B5AC}.Debug|Any CPU.ActiveCfg = Debug|Any CPU
		{64DA735E-B19C-496F-9106-44D62BB0B5AC}.Debug|Any CPU.Build.0 = Debug|Any CPU
		{64DA735E-B19C-496F-9106-44D62BB0B5AC}.Release|Any CPU.ActiveCfg = Release|Any CPU
		{64DA735E-B19C-496F-9106-44D62BB0B5AC}.Release|Any CPU.Build.0 = Release|Any CPU
		{77E7E46D-FE8E-4873-A364-94BCA557B532}.Debug|Any CPU.ActiveCfg = Debug|Any CPU
		{77E7E46D-FE8E-4873-A364-94BCA557B532}.Debug|Any CPU.Build.0 = Debug|Any CPU
		{77E7E46D-FE8E-4873-A364-94BCA557B532}.Release|Any CPU.ActiveCfg = Release|Any CPU
		{77E7E46D-FE8E-4873-A364-94BCA557B532}.Release|Any CPU.Build.0 = Release|Any CPU
		{520FEAAC-1D8D-4AF0-8945-D6B6F9688E78}.Debug|Any CPU.ActiveCfg = Debug|Any CPU
		{520FEAAC-1D8D-4AF0-8945-D6B6F9688E78}.Debug|Any CPU.Build.0 = Debug|Any CPU
		{520FEAAC-1D8D-4AF0-8945-D6B6F9688E78}.Release|Any CPU.ActiveCfg = Release|Any CPU
		{520FEAAC-1D8D-4AF0-8945-D6B6F9688E78}.Release|Any CPU.Build.0 = Release|Any CPU
		{C7239357-9454-44DE-B54F-079FEDDA3346}.Debug|Any CPU.ActiveCfg = Debug|Any CPU
		{C7239357-9454-44DE-B54F-079FEDDA3346}.Debug|Any CPU.Build.0 = Debug|Any CPU
		{C7239357-9454-44DE-B54F-079FEDDA3346}.Release|Any CPU.ActiveCfg = Release|Any CPU
		{C7239357-9454-44DE-B54F-079FEDDA3346}.Release|Any CPU.Build.0 = Release|Any CPU
		{0B98E01F-2879-4827-9F4F-0920B92C4F28}.Debug|Any CPU.ActiveCfg = Debug|Any CPU
		{0B98E01F-2879-4827-9F4F-0920B92C4F28}.Debug|Any CPU.Build.0 = Debug|Any CPU
		{0B98E01F-2879-4827-9F4F-0920B92C4F28}.Release|Any CPU.ActiveCfg = Release|Any CPU
		{0B98E01F-2879-4827-9F4F-0920B92C4F28}.Release|Any CPU.Build.0 = Release|Any CPU
		{ED2AC70D-07DF-4D81-A3B2-0CFFD48D1603}.Debug|Any CPU.ActiveCfg = Debug|Any CPU
		{ED2AC70D-07DF-4D81-A3B2-0CFFD48D1603}.Debug|Any CPU.Build.0 = Debug|Any CPU
		{ED2AC70D-07DF-4D81-A3B2-0CFFD48D1603}.Release|Any CPU.ActiveCfg = Release|Any CPU
		{ED2AC70D-07DF-4D81-A3B2-0CFFD48D1603}.Release|Any CPU.Build.0 = Release|Any CPU
		{C1882F51-85A5-47CC-9208-EC3E0EFCE8FD}.Debug|Any CPU.ActiveCfg = Debug|Any CPU
		{C1882F51-85A5-47CC-9208-EC3E0EFCE8FD}.Debug|Any CPU.Build.0 = Debug|Any CPU
		{C1882F51-85A5-47CC-9208-EC3E0EFCE8FD}.Release|Any CPU.ActiveCfg = Release|Any CPU
		{C1882F51-85A5-47CC-9208-EC3E0EFCE8FD}.Release|Any CPU.Build.0 = Release|Any CPU
		{FD08C523-7760-41F6-BB47-9746428442B2}.Debug|Any CPU.ActiveCfg = Debug|Any CPU
		{FD08C523-7760-41F6-BB47-9746428442B2}.Debug|Any CPU.Build.0 = Debug|Any CPU
		{FD08C523-7760-41F6-BB47-9746428442B2}.Release|Any CPU.ActiveCfg = Release|Any CPU
		{FD08C523-7760-41F6-BB47-9746428442B2}.Release|Any CPU.Build.0 = Release|Any CPU
		{37BE209E-5301-4AC6-935C-BAF910A2E2A3}.Debug|Any CPU.ActiveCfg = Debug|Any CPU
		{37BE209E-5301-4AC6-935C-BAF910A2E2A3}.Debug|Any CPU.Build.0 = Debug|Any CPU
		{37BE209E-5301-4AC6-935C-BAF910A2E2A3}.Release|Any CPU.ActiveCfg = Release|Any CPU
		{37BE209E-5301-4AC6-935C-BAF910A2E2A3}.Release|Any CPU.Build.0 = Release|Any CPU
		{C62D5EE4-FA7A-4C25-83C2-1B34F9833D22}.Debug|Any CPU.ActiveCfg = Debug|Any CPU
		{C62D5EE4-FA7A-4C25-83C2-1B34F9833D22}.Debug|Any CPU.Build.0 = Debug|Any CPU
		{C62D5EE4-FA7A-4C25-83C2-1B34F9833D22}.Release|Any CPU.ActiveCfg = Release|Any CPU
		{C62D5EE4-FA7A-4C25-83C2-1B34F9833D22}.Release|Any CPU.Build.0 = Release|Any CPU
		{66884615-2ABF-4D6B-ACAE-318B66A92742}.Debug|Any CPU.ActiveCfg = Debug|Any CPU
		{66884615-2ABF-4D6B-ACAE-318B66A92742}.Debug|Any CPU.Build.0 = Debug|Any CPU
		{66884615-2ABF-4D6B-ACAE-318B66A92742}.Release|Any CPU.ActiveCfg = Release|Any CPU
		{66884615-2ABF-4D6B-ACAE-318B66A92742}.Release|Any CPU.Build.0 = Release|Any CPU
		{ABB9E60B-272B-438D-AD06-4BF1EC486F51}.Debug|Any CPU.ActiveCfg = Debug|Any CPU
		{ABB9E60B-272B-438D-AD06-4BF1EC486F51}.Debug|Any CPU.Build.0 = Debug|Any CPU
		{ABB9E60B-272B-438D-AD06-4BF1EC486F51}.Release|Any CPU.ActiveCfg = Release|Any CPU
		{ABB9E60B-272B-438D-AD06-4BF1EC486F51}.Release|Any CPU.Build.0 = Release|Any CPU
	EndGlobalSection
	GlobalSection(SolutionProperties) = preSolution
		HideSolutionNode = FALSE
	EndGlobalSection
	GlobalSection(NestedProjects) = preSolution
		{520FEAAC-1D8D-4AF0-8945-D6B6F9688E78} = {8DA9BA84-DD1A-496A-B98D-5E7005BF33AE}
		{C7239357-9454-44DE-B54F-079FEDDA3346} = {8DA9BA84-DD1A-496A-B98D-5E7005BF33AE}
		{0B98E01F-2879-4827-9F4F-0920B92C4F28} = {8DA9BA84-DD1A-496A-B98D-5E7005BF33AE}
		{ED2AC70D-07DF-4D81-A3B2-0CFFD48D1603} = {8DA9BA84-DD1A-496A-B98D-5E7005BF33AE}
		{C1882F51-85A5-47CC-9208-EC3E0EFCE8FD} = {8DA9BA84-DD1A-496A-B98D-5E7005BF33AE}
		{FD08C523-7760-41F6-BB47-9746428442B2} = {8DA9BA84-DD1A-496A-B98D-5E7005BF33AE}
		{894340CF-6A17-4C3F-B3DF-ED0E5BB113C7} = {E7E6D84B-B148-4633-8386-62F3D9282E2B}
		{661FE42F-2A54-41E4-B0CA-3FF21BDBF90F} = {894340CF-6A17-4C3F-B3DF-ED0E5BB113C7}
		{C6D0BB7B-5F47-4263-A20C-C1E573760646} = {661FE42F-2A54-41E4-B0CA-3FF21BDBF90F}
		{8520C337-57AC-464F-AC08-87D7DB1711A9} = {661FE42F-2A54-41E4-B0CA-3FF21BDBF90F}
		{C62D5EE4-FA7A-4C25-83C2-1B34F9833D22} = {C6D0BB7B-5F47-4263-A20C-C1E573760646}
		{66884615-2ABF-4D6B-ACAE-318B66A92742} = {8520C337-57AC-464F-AC08-87D7DB1711A9}
	EndGlobalSection
	GlobalSection(ExtensibilityGlobals) = postSolution
		SolutionGuid = {CE932665-75C9-4E8E-8311-E6CE61F3E0D5}
	EndGlobalSection
EndGlobal
